<?xml version="1.0" encoding="utf-8"?>
<Project ToolsVersion="4.0" xmlns="http://schemas.microsoft.com/developer/msbuild/2003">
  <ItemGroup>
    <ClCompile Include="HapticAudio.cpp" />
    <ClCompile Include="Audio\AmplitudeModulation.cpp">
      <Filter>Audio</Filter>
    </ClCompile>
    <ClCompile Include="Audio\AudioFile.cpp">
      <Filter>Audio</Filter>
    </ClCompile>
  </ItemGroup>
  <ItemGroup>
    <ClInclude Include="Audio\AmplitudeModulation.h">
      <Filter>Audio</Filter>
    </ClInclude>
    <ClInclude Include="Audio\AudioFile.h">
      <Filter>Audio</Filter>
    </ClInclude>
  </ItemGroup>
  <ItemGroup>
    <Filter Include="Audio">
      <UniqueIdentifier>{d16ebdcb-9461-4a59-8194-cfc5d330cc17}</UniqueIdentifier>
    </Filter>
  </ItemGroup>
</Project>